PODS:
  - AFNetworking (2.5.1):
    - AFNetworking/NSURLConnection (= 2.5.1)
    - AFNetworking/NSURLSession (= 2.5.1)
    - AFNetworking/Reachability (= 2.5.1)
    - AFNetworking/Security (= 2.5.1)
    - AFNetworking/Serialization (= 2.5.1)
    - AFNetworking/UIKit (= 2.5.1)
  - AFNetworking/NSURLConnection (2.5.1):
    - AFNetworking/Reachability
    - AFNetworking/Security
    - AFNetworking/Serialization
  - AFNetworking/NSURLSession (2.5.1):
    - AFNetworking/Reachability
    - AFNetworking/Security
    - AFNetworking/Serialization
  - AFNetworking/Reachability (2.5.1)
  - AFNetworking/Security (2.5.1)
  - AFNetworking/Serialization (2.5.1)
  - AFNetworking/UIKit (2.5.1):
    - AFNetworking/NSURLConnection
    - AFNetworking/NSURLSession
  - Bolts (1.1.3)
  - CocoaLumberjack (2.0.0-rc):
    - CocoaLumberjack/Default (= 2.0.0-rc)
    - CocoaLumberjack/Extensions (= 2.0.0-rc)
  - CocoaLumberjack/Core (2.0.0-rc)
  - CocoaLumberjack/Default (2.0.0-rc):
    - CocoaLumberjack/Core
  - CocoaLumberjack/Extensions (2.0.0-rc):
    - CocoaLumberjack/Default
  - FMDB (2.5):
    - FMDB/standard (= 2.5)
  - FMDB/common (2.5)
  - FMDB/standard (2.5):
    - FMDB/common
  - SDWebImage (3.7.1):
    - SDWebImage/Core (= 3.7.1)
  - SDWebImage/Core (3.7.1)
  - Typhoon (3.0.0):
    - Typhoon/no-arc (= 3.0.0)
  - Typhoon/no-arc (3.0.0)

DEPENDENCIES:
  - AFNetworking (= 2.5.1)
  - Bolts (= 1.1.3)
  - CocoaLumberjack (= 2.0.0-rc)
  - FMDB (= 2.5)
  - SDWebImage (= 3.7.1)
  - Typhoon (= 3.0.0)

SPEC CHECKSUMS:
  AFNetworking: 8bee59492a6ff15d69130efa4d0dc67e0094a52a
  Bolts: 3db0a875235e0c9042b013af13af0f00f79b102c
  CocoaLumberjack: 6186e27827fc574b50b16c10102fcc591437f06c
  FMDB: 0efa188cf0dd1ce82c27a478cd5f5fa245308677
  SDWebImage: 116e88633b5b416ea0ca4b334a4ac59cf72dd38d
  Typhoon: 9f4d2beda8c3ec6d36b1dfe15acf481ebc941b74

COCOAPODS: 0.35.0
