// !$*UTF8*$!
{
	archiveVersion = 1;
	classes = {
	};
	objectVersion = 46;
	objects = {

/* Begin PBXBuildFile section */
		297BB2B31F5A5DFC33FE7016 /* NIOCoreComponents.m in Sources */ = {isa = PBXBuildFile; fileRef = 297BBE81301E5A25BAC865BB /* NIOCoreComponents.m */; };
		297BBA6453228C606547CA78 /* NIOCoreComponents.m in Sources */ = {isa = PBXBuildFile; fileRef = 297BBE81301E5A25BAC865BB /* NIOCoreComponents.m */; };
		297BBB546DB3A9091B01D462 /* NIOContentResolver.m in Sources */ = {isa = PBXBuildFile; fileRef = 297BB67D229858375B1D2080 /* NIOContentResolver.m */; };
		297BBD699F1ACE06A7A0B83D /* NIOContentResolver.m in Sources */ = {isa = PBXBuildFile; fileRef = 297BB67D229858375B1D2080 /* NIOContentResolver.m */; };
		54C180338C638E709239D65D /* NIODataDragonContract.m in Sources */ = {isa = PBXBuildFile; fileRef = 54C183FE48BA6ADAE6C68720 /* NIODataDragonContract.m */; };
		54C180875038C252FF99E583 /* NIOTyphoonContentProviderFactory.m in Sources */ = {isa = PBXBuildFile; fileRef = 54C181479D51560FAEF1C688 /* NIOTyphoonContentProviderFactory.m */; };
		54C180D0846FCBF169140582 /* NIODataDragonSyncService.m in Sources */ = {isa = PBXBuildFile; fileRef = 54C18B9F5EA016A6113F0DCA /* NIODataDragonSyncService.m */; };
		54C18155957E839D52DC58FF /* NIOGetRealmTask.m in Sources */ = {isa = PBXBuildFile; fileRef = 54C18E8A49E0AAF5850F32BA /* NIOGetRealmTask.m */; };
		54C181F2305B029F61116386 /* DataDragonConfiguration.plist in Resources */ = {isa = PBXBuildFile; fileRef = 54C18733CF17CC948606FE53 /* DataDragonConfiguration.plist */; };
		54C1821F78880725F9EAEE08 /* NIOInsertDataDragonChampionDataTask.m in Sources */ = {isa = PBXBuildFile; fileRef = 54C18A35CCB2C62773747B8D /* NIOInsertDataDragonChampionDataTask.m */; };
		54C182456B27506FFA0F5B94 /* LaunchScreen.xib in Resources */ = {isa = PBXBuildFile; fileRef = 54C180FF3832C859CD2FAFB5 /* LaunchScreen.xib */; };
		54C18253770BB56AA1D025AE /* NIOGetChampionStaticDataTask.m in Sources */ = {isa = PBXBuildFile; fileRef = 54C187EF8EE04413B297F3B9 /* NIOGetChampionStaticDataTask.m */; };
		54C1827F96DBC3B72D077EB9 /* NIODataDragonContract.m in Sources */ = {isa = PBXBuildFile; fileRef = 54C183FE48BA6ADAE6C68720 /* NIODataDragonContract.m */; };
		54C182F0A0EB620BB1E9AAA9 /* NIOSqliteOpenHelper.m in Sources */ = {isa = PBXBuildFile; fileRef = 54C18AEB1FE1F73C0D993612 /* NIOSqliteOpenHelper.m */; };
		54C182FB8272A39309D6D799 /* NIODeleteRealmTask.m in Sources */ = {isa = PBXBuildFile; fileRef = 54C18179A47F2E7874C256B9 /* NIODeleteRealmTask.m */; };
		54C1832EEE785431D1D0B302 /* NIOTyphoonTaskFactory.m in Sources */ = {isa = PBXBuildFile; fileRef = 54C186FF387D9380964D8149 /* NIOTyphoonTaskFactory.m */; };
		54C183317D1E3E4A70074C46 /* NIOChampionCollectionViewCell.m in Sources */ = {isa = PBXBuildFile; fileRef = 54C18412AD6D4077FD545010 /* NIOChampionCollectionViewCell.m */; };
		54C18361789CAB3A15B7042E /* NIOInsertRealmTask.m in Sources */ = {isa = PBXBuildFile; fileRef = 54C187D5CE4877E5FAEEA7FD /* NIOInsertRealmTask.m */; };
		54C18372A9E1B6C5ADDB0C9E /* NIODeleteChampionTask.m in Sources */ = {isa = PBXBuildFile; fileRef = 54C18323D3846D32FE8C5C69 /* NIODeleteChampionTask.m */; };
		54C18392FA5022D3FD8B2425 /* NIOInsertDataDragonRealmTask.m in Sources */ = {isa = PBXBuildFile; fileRef = 54C18148204828522103E551 /* NIOInsertDataDragonRealmTask.m */; };
		54C183AC2775A322F2DEA576 /* NIOBaseComponentFactory.m in Sources */ = {isa = PBXBuildFile; fileRef = 54C18F6A6D4200670E85069B /* NIOBaseComponentFactory.m */; };
		54C183BADE60EB8750FC3319 /* NIOCacheChampionImagesTask.m in Sources */ = {isa = PBXBuildFile; fileRef = 54C18909EC43EB81309CB431 /* NIOCacheChampionImagesTask.m */; };
		54C18422E97E3B6F8A9D4AFF /* NIODataDragonCDNRequestOperationManager.m in Sources */ = {isa = PBXBuildFile; fileRef = 54C1835FB21EDBC8EAD85F11 /* NIODataDragonCDNRequestOperationManager.m */; };
		54C18456D5F47290CA0C0FC5 /* NIODataDragonContentProvider.m in Sources */ = {isa = PBXBuildFile; fileRef = 54C183D2723AE54B89AD2017 /* NIODataDragonContentProvider.m */; };
		54C184B62070ED4872B20C5D /* NIOQueryChampionsTask.m in Sources */ = {isa = PBXBuildFile; fileRef = 54C181EE9FCDF67D2AF1D8E1 /* NIOQueryChampionsTask.m */; };
		54C184FF67C79CC4B97F6C91 /* NIOInsertChampionSkinTask.m in Sources */ = {isa = PBXBuildFile; fileRef = 54C18BD7A84774B357340584 /* NIOInsertChampionSkinTask.m */; };
		54C1850066BCE8F4040ECBBF /* NIODataDragonSqliteOpenHelper.m in Sources */ = {isa = PBXBuildFile; fileRef = 54C18559632B3A6EE5844B6F /* NIODataDragonSqliteOpenHelper.m */; };
		54C18547A1AB46D6361846E2 /* NIOQueryRealmsTask.m in Sources */ = {isa = PBXBuildFile; fileRef = 54C18CF338758A0EDC8AD223 /* NIOQueryRealmsTask.m */; };
		54C18556E6435E2E0C6D6CB0 /* NIOTyphoonTaskFactory.m in Sources */ = {isa = PBXBuildFile; fileRef = 54C186FF387D9380964D8149 /* NIOTyphoonTaskFactory.m */; };
		54C18604AA60A086284A2B8A /* NIODeleteChampionSkinTask.m in Sources */ = {isa = PBXBuildFile; fileRef = 54C18D84E58F4675EF5D5384 /* NIODeleteChampionSkinTask.m */; };
		54C18664B75D1219636199E6 /* Configuration.plist in Resources */ = {isa = PBXBuildFile; fileRef = 54C180AFD6A5576F23FD3500 /* Configuration.plist */; };
		54C18705C57EB4E70E95009A /* NIOGetRealmTask.m in Sources */ = {isa = PBXBuildFile; fileRef = 54C18E8A49E0AAF5850F32BA /* NIOGetRealmTask.m */; };
		54C18768575205469D2BBAB8 /* NIOCacheChampionImagesTask.m in Sources */ = {isa = PBXBuildFile; fileRef = 54C18909EC43EB81309CB431 /* NIOCacheChampionImagesTask.m */; };
		54C1876FFEE0D3AAB3C8E204 /* NIOClearLocalDataDragonDataTask.m in Sources */ = {isa = PBXBuildFile; fileRef = 54C18388D1501F9E66AA5BEF /* NIOClearLocalDataDragonDataTask.m */; };
		54C188552146C904E0246438 /* NIOQueryChampionsTask.m in Sources */ = {isa = PBXBuildFile; fileRef = 54C181EE9FCDF67D2AF1D8E1 /* NIOQueryChampionsTask.m */; };
		54C1890395218E724A413A38 /* NIOInsertDataDragonRealmTask.m in Sources */ = {isa = PBXBuildFile; fileRef = 54C18148204828522103E551 /* NIOInsertDataDragonRealmTask.m */; };
		54C18953E8A3A74913023DDE /* NIOQueryRealmsTask.m in Sources */ = {isa = PBXBuildFile; fileRef = 54C18CF338758A0EDC8AD223 /* NIOQueryRealmsTask.m */; };
		54C18968E8452E3AA29C4843 /* NIOBaseSQLTask.m in Sources */ = {isa = PBXBuildFile; fileRef = 54C1864C38908E325FE97C42 /* NIOBaseSQLTask.m */; };
		54C1896CE8EDC7D54CBF0769 /* NIOUriMatcher.m in Sources */ = {isa = PBXBuildFile; fileRef = 54C18932F5AF46DE61EDACA3 /* NIOUriMatcher.m */; };
		54C189B4E76B8514163A6E99 /* NIODataDragonSyncService.m in Sources */ = {isa = PBXBuildFile; fileRef = 54C18B9F5EA016A6113F0DCA /* NIODataDragonSyncService.m */; };
		54C189C44196A8D95323466B /* NIOBaseContentProvider.m in Sources */ = {isa = PBXBuildFile; fileRef = 54C18EA8BD41E455CC7BEACF /* NIOBaseContentProvider.m */; };
		54C18A34A20F783BA46A7988 /* NIOBaseContentProvider.m in Sources */ = {isa = PBXBuildFile; fileRef = 54C18EA8BD41E455CC7BEACF /* NIOBaseContentProvider.m */; };
		54C18A369CD93D7B4DAB22C7 /* NIOInsertChampionSkinTask.m in Sources */ = {isa = PBXBuildFile; fileRef = 54C18BD7A84774B357340584 /* NIOInsertChampionSkinTask.m */; };
		54C18A43444E25E82C12159E /* NIODataDragonContentProvider.m in Sources */ = {isa = PBXBuildFile; fileRef = 54C183D2723AE54B89AD2017 /* NIODataDragonContentProvider.m */; };
		54C18A4BE071440563D4E520 /* NIOChampionCollectionViewCell.m in Sources */ = {isa = PBXBuildFile; fileRef = 54C18412AD6D4077FD545010 /* NIOChampionCollectionViewCell.m */; };
		54C18A54F48C56B16B77B418 /* NIOInsertDataDragonChampionDataTask.m in Sources */ = {isa = PBXBuildFile; fileRef = 54C18A35CCB2C62773747B8D /* NIOInsertDataDragonChampionDataTask.m */; };
		54C18AC1F2CDEC0841922D98 /* ViewController.m in Sources */ = {isa = PBXBuildFile; fileRef = 54C18618DF1D60BEEC0AE5CE /* ViewController.m */; };
		54C18AFB1D79EDB8A0BE98BD /* NIODataDragonCDNRequestOperationManager.m in Sources */ = {isa = PBXBuildFile; fileRef = 54C1835FB21EDBC8EAD85F11 /* NIODataDragonCDNRequestOperationManager.m */; };
		54C18B15C7D560CE5D1F7222 /* NIOBaseSQLQueryTask.m in Sources */ = {isa = PBXBuildFile; fileRef = 54C186347F47A8BCCCBDEB01 /* NIOBaseSQLQueryTask.m */; };
		54C18B3CBCE6CB29622E18A5 /* Main.storyboard in Resources */ = {isa = PBXBuildFile; fileRef = 54C183394FC80D4AD0EDF82D /* Main.storyboard */; };
		54C18BE11A108443C7911B28 /* NIODeleteChampionSkinTask.m in Sources */ = {isa = PBXBuildFile; fileRef = 54C18D84E58F4675EF5D5384 /* NIODeleteChampionSkinTask.m */; };
		54C18BEE6E1714C84273E655 /* NIODataDragonSqliteOpenHelper.m in Sources */ = {isa = PBXBuildFile; fileRef = 54C18559632B3A6EE5844B6F /* NIODataDragonSqliteOpenHelper.m */; };
		54C18BEE9A3A956432CD64C5 /* NIOApplicationAssembly.m in Sources */ = {isa = PBXBuildFile; fileRef = 54C18FBCC5876D90DE4A00ED /* NIOApplicationAssembly.m */; };
		54C18C0572036D346EE0961B /* NIOApplicationAssembly.m in Sources */ = {isa = PBXBuildFile; fileRef = 54C18FBCC5876D90DE4A00ED /* NIOApplicationAssembly.m */; };
		54C18C19883944246AF83503 /* NIOLoLApiRequestOperationManager.m in Sources */ = {isa = PBXBuildFile; fileRef = 54C189C982857F358A5B7596 /* NIOLoLApiRequestOperationManager.m */; };
		54C18C1A7ECE369657E4A421 /* NIOBaseSQLQueryTask.m in Sources */ = {isa = PBXBuildFile; fileRef = 54C186347F47A8BCCCBDEB01 /* NIOBaseSQLQueryTask.m */; };
		54C18C860C91BFD1012B26B7 /* NIOTyphoonContentProviderFactory.m in Sources */ = {isa = PBXBuildFile; fileRef = 54C181479D51560FAEF1C688 /* NIOTyphoonContentProviderFactory.m */; };
		54C18C9C4ACE223F8D893246 /* NIOSqliteOpenHelper.m in Sources */ = {isa = PBXBuildFile; fileRef = 54C18AEB1FE1F73C0D993612 /* NIOSqliteOpenHelper.m */; };
		54C18CB74EA4CBE8BB03B8F8 /* NIODeleteRealmTask.m in Sources */ = {isa = PBXBuildFile; fileRef = 54C18179A47F2E7874C256B9 /* NIODeleteRealmTask.m */; };
		54C18CD145927A0D0AFCDF38 /* NIOUriMatcher.m in Sources */ = {isa = PBXBuildFile; fileRef = 54C18932F5AF46DE61EDACA3 /* NIOUriMatcher.m */; };
		54C18CDD3D6C0E9E4AA3345D /* NIOInsertChampionTask.m in Sources */ = {isa = PBXBuildFile; fileRef = 54C18E8180EECF315DDBFBB0 /* NIOInsertChampionTask.m */; };
		54C18DB5ECBE7BC9AB14FC1E /* DataDragonConfiguration.plist in Resources */ = {isa = PBXBuildFile; fileRef = 54C18733CF17CC948606FE53 /* DataDragonConfiguration.plist */; };
		54C18E26A7E0E20210E11583 /* NIOLoLApiRequestOperationManager.m in Sources */ = {isa = PBXBuildFile; fileRef = 54C189C982857F358A5B7596 /* NIOLoLApiRequestOperationManager.m */; };
		54C18E3F7822B72223626D1C /* NIOGetChampionStaticDataTask.m in Sources */ = {isa = PBXBuildFile; fileRef = 54C187EF8EE04413B297F3B9 /* NIOGetChampionStaticDataTask.m */; };
		54C18E7601F047C7C81031C5 /* NIOClearLocalDataDragonDataTask.m in Sources */ = {isa = PBXBuildFile; fileRef = 54C18388D1501F9E66AA5BEF /* NIOClearLocalDataDragonDataTask.m */; };
		54C18EBDF15B87916D6B87CD /* NIODataDragonComponents.m in Sources */ = {isa = PBXBuildFile; fileRef = 54C1834F049057B47D542752 /* NIODataDragonComponents.m */; };
		54C18EE62665104A30C17AB4 /* NIODataDragonComponents.m in Sources */ = {isa = PBXBuildFile; fileRef = 54C1834F049057B47D542752 /* NIODataDragonComponents.m */; };
		54C18F3DD366EC52690F9903 /* NIOBaseSQLTask.m in Sources */ = {isa = PBXBuildFile; fileRef = 54C1864C38908E325FE97C42 /* NIOBaseSQLTask.m */; };
		54C18F439E6B0EBDB77DD7D5 /* NIOInsertRealmTask.m in Sources */ = {isa = PBXBuildFile; fileRef = 54C187D5CE4877E5FAEEA7FD /* NIOInsertRealmTask.m */; };
		54C18F63F7617CF453C59E65 /* NIOInsertChampionTask.m in Sources */ = {isa = PBXBuildFile; fileRef = 54C18E8180EECF315DDBFBB0 /* NIOInsertChampionTask.m */; };
		54C18F84D8CD82CFCF02AA91 /* NIODeleteChampionTask.m in Sources */ = {isa = PBXBuildFile; fileRef = 54C18323D3846D32FE8C5C69 /* NIODeleteChampionTask.m */; };
		54C18FCA66E7675C919683F1 /* Configuration.plist in Resources */ = {isa = PBXBuildFile; fileRef = 54C180AFD6A5576F23FD3500 /* Configuration.plist */; };
		A53498801A6DE4AF00F01962 /* main.m in Sources */ = {isa = PBXBuildFile; fileRef = A534987F1A6DE4AF00F01962 /* main.m */; };
		A53498831A6DE4AF00F01962 /* AppDelegate.m in Sources */ = {isa = PBXBuildFile; fileRef = A53498821A6DE4AF00F01962 /* AppDelegate.m */; };
		A534988B1A6DE4AF00F01962 /* Images.xcassets in Resources */ = {isa = PBXBuildFile; fileRef = A534988A1A6DE4AF00F01962 /* Images.xcassets */; };
		A534989A1A6DE4AF00F01962 /* LoLBookOfChampionsTests.m in Sources */ = {isa = PBXBuildFile; fileRef = A53498991A6DE4AF00F01962 /* LoLBookOfChampionsTests.m */; };
		EE954EE575A67B8A4B61FEC5 /* libPods.a in Frameworks */ = {isa = PBXBuildFile; fileRef = F24FD5157C360E0B3F7D2DBF /* libPods.a */; };
/* End PBXBuildFile section */

/* Begin PBXContainerItemProxy section */
		A53498941A6DE4AF00F01962 /* PBXContainerItemProxy */ = {
			isa = PBXContainerItemProxy;
			containerPortal = A53498721A6DE4AF00F01962 /* Project object */;
			proxyType = 1;
			remoteGlobalIDString = A53498791A6DE4AF00F01962;
			remoteInfo = LoLBookOfChampions;
		};
/* End PBXContainerItemProxy section */

/* Begin PBXFileReference section */
		297BB00B66C6D1284FE3EBB3 /* NIOContentResolver.h */ = {isa = PBXFileReference; fileEncoding = 4; lastKnownFileType = sourcecode.c.h; path = NIOContentResolver.h; sourceTree = "<group>"; };
		297BB30A9A1639C0E4A6FC1A /* NIOContentObserver.h */ = {isa = PBXFileReference; fileEncoding = 4; lastKnownFileType = sourcecode.c.h; path = NIOContentObserver.h; sourceTree = "<group>"; };
		297BB67D229858375B1D2080 /* NIOContentResolver.m */ = {isa = PBXFileReference; fileEncoding = 4; lastKnownFileType = sourcecode.c.objc; path = NIOContentResolver.m; sourceTree = "<group>"; };
		297BBC41A302B026B3634096 /* NIOCoreComponents.h */ = {isa = PBXFileReference; fileEncoding = 4; lastKnownFileType = sourcecode.c.h; path = NIOCoreComponents.h; sourceTree = "<group>"; };
		297BBE81301E5A25BAC865BB /* NIOCoreComponents.m */ = {isa = PBXFileReference; fileEncoding = 4; lastKnownFileType = sourcecode.c.objc; path = NIOCoreComponents.m; sourceTree = "<group>"; };
		54C1805DC296ECFA9227E228 /* NIODeleteChampionSkinTask.h */ = {isa = PBXFileReference; fileEncoding = 4; lastKnownFileType = sourcecode.c.h; path = NIODeleteChampionSkinTask.h; sourceTree = "<group>"; };
		54C180AF6DA3A78327F60A3B /* NIOInsertDataDragonRealmTask.h */ = {isa = PBXFileReference; fileEncoding = 4; lastKnownFileType = sourcecode.c.h; path = NIOInsertDataDragonRealmTask.h; sourceTree = "<group>"; };
		54C180AFD6A5576F23FD3500 /* Configuration.plist */ = {isa = PBXFileReference; fileEncoding = 4; lastKnownFileType = text.plist; path = Configuration.plist; sourceTree = "<group>"; };
		54C181479D51560FAEF1C688 /* NIOTyphoonContentProviderFactory.m */ = {isa = PBXFileReference; fileEncoding = 4; lastKnownFileType = sourcecode.c.objc; path = NIOTyphoonContentProviderFactory.m; sourceTree = "<group>"; };
		54C18148204828522103E551 /* NIOInsertDataDragonRealmTask.m */ = {isa = PBXFileReference; fileEncoding = 4; lastKnownFileType = sourcecode.c.objc; path = NIOInsertDataDragonRealmTask.m; sourceTree = "<group>"; };
		54C18179A47F2E7874C256B9 /* NIODeleteRealmTask.m */ = {isa = PBXFileReference; fileEncoding = 4; lastKnownFileType = sourcecode.c.objc; path = NIODeleteRealmTask.m; sourceTree = "<group>"; };
		54C181E809DB9653B4CC5997 /* NIOApplicationAssembly.h */ = {isa = PBXFileReference; fileEncoding = 4; lastKnownFileType = sourcecode.c.h; path = NIOApplicationAssembly.h; sourceTree = "<group>"; };
		54C181EE9FCDF67D2AF1D8E1 /* NIOQueryChampionsTask.m */ = {isa = PBXFileReference; fileEncoding = 4; lastKnownFileType = sourcecode.c.objc; path = NIOQueryChampionsTask.m; sourceTree = "<group>"; };
		54C182535DD2786C52371166 /* NIODeleteRealmTask.h */ = {isa = PBXFileReference; fileEncoding = 4; lastKnownFileType = sourcecode.c.h; path = NIODeleteRealmTask.h; sourceTree = "<group>"; };
		54C1828E7250D2F99ECD3CBF /* NIODataDragonContract.h */ = {isa = PBXFileReference; fileEncoding = 4; lastKnownFileType = sourcecode.c.h; path = NIODataDragonContract.h; sourceTree = "<group>"; };
		54C1831BF239916A2360AFDA /* NIOTyphoonContentProviderFactory.h */ = {isa = PBXFileReference; fileEncoding = 4; lastKnownFileType = sourcecode.c.h; path = NIOTyphoonContentProviderFactory.h; sourceTree = "<group>"; };
		54C18323D3846D32FE8C5C69 /* NIODeleteChampionTask.m */ = {isa = PBXFileReference; fileEncoding = 4; lastKnownFileType = sourcecode.c.objc; path = NIODeleteChampionTask.m; sourceTree = "<group>"; };
		54C183258C1F5D36E93F993B /* NIOSqliteOpenHelper.h */ = {isa = PBXFileReference; fileEncoding = 4; lastKnownFileType = sourcecode.c.h; path = NIOSqliteOpenHelper.h; sourceTree = "<group>"; };
		54C1834F049057B47D542752 /* NIODataDragonComponents.m */ = {isa = PBXFileReference; fileEncoding = 4; lastKnownFileType = sourcecode.c.objc; path = NIODataDragonComponents.m; sourceTree = "<group>"; };
		54C1835FAF659721C49945E6 /* NIOChampionCollectionViewCell.h */ = {isa = PBXFileReference; fileEncoding = 4; lastKnownFileType = sourcecode.c.h; path = NIOChampionCollectionViewCell.h; sourceTree = "<group>"; };
		54C1835FB21EDBC8EAD85F11 /* NIODataDragonCDNRequestOperationManager.m */ = {isa = PBXFileReference; fileEncoding = 4; lastKnownFileType = sourcecode.c.objc; path = NIODataDragonCDNRequestOperationManager.m; sourceTree = "<group>"; };
		54C18388D1501F9E66AA5BEF /* NIOClearLocalDataDragonDataTask.m */ = {isa = PBXFileReference; fileEncoding = 4; lastKnownFileType = sourcecode.c.objc; path = NIOClearLocalDataDragonDataTask.m; sourceTree = "<group>"; };
		54C1838B63EE61B049DE4C8B /* NIOInsertChampionTask.h */ = {isa = PBXFileReference; fileEncoding = 4; lastKnownFileType = sourcecode.c.h; path = NIOInsertChampionTask.h; sourceTree = "<group>"; };
		54C183D2723AE54B89AD2017 /* NIODataDragonContentProvider.m */ = {isa = PBXFileReference; fileEncoding = 4; lastKnownFileType = sourcecode.c.objc; path = NIODataDragonContentProvider.m; sourceTree = "<group>"; };
		54C183FE48BA6ADAE6C68720 /* NIODataDragonContract.m */ = {isa = PBXFileReference; fileEncoding = 4; lastKnownFileType = sourcecode.c.objc; path = NIODataDragonContract.m; sourceTree = "<group>"; };
		54C18412AD6D4077FD545010 /* NIOChampionCollectionViewCell.m */ = {isa = PBXFileReference; fileEncoding = 4; lastKnownFileType = sourcecode.c.objc; path = NIOChampionCollectionViewCell.m; sourceTree = "<group>"; };
		54C184226D3D0F2433FB98B0 /* NIODataDragonContentProvider.h */ = {isa = PBXFileReference; fileEncoding = 4; lastKnownFileType = sourcecode.c.h; path = NIODataDragonContentProvider.h; sourceTree = "<group>"; };
		54C1846090DDAB28E394EC00 /* NIODeleteChampionTask.h */ = {isa = PBXFileReference; fileEncoding = 4; lastKnownFileType = sourcecode.c.h; path = NIODeleteChampionTask.h; sourceTree = "<group>"; };
		54C1850BEEE23545B715CAD5 /* NIOBaseSQLQueryTask.h */ = {isa = PBXFileReference; fileEncoding = 4; lastKnownFileType = sourcecode.c.h; path = NIOBaseSQLQueryTask.h; sourceTree = "<group>"; };
		54C185537F7ACC51F648AE88 /* NIOTask.h */ = {isa = PBXFileReference; fileEncoding = 4; lastKnownFileType = sourcecode.c.h; path = NIOTask.h; sourceTree = "<group>"; };
		54C18559632B3A6EE5844B6F /* NIODataDragonSqliteOpenHelper.m */ = {isa = PBXFileReference; fileEncoding = 4; lastKnownFileType = sourcecode.c.objc; path = NIODataDragonSqliteOpenHelper.m; sourceTree = "<group>"; };
		54C185674D276E11348DF4A8 /* NIOBaseSQLTask.h */ = {isa = PBXFileReference; fileEncoding = 4; lastKnownFileType = sourcecode.c.h; path = NIOBaseSQLTask.h; sourceTree = "<group>"; };
		54C185A34C2C5CE846592EB7 /* NIODataDragonSqliteOpenHelper.h */ = {isa = PBXFileReference; fileEncoding = 4; lastKnownFileType = sourcecode.c.h; path = NIODataDragonSqliteOpenHelper.h; sourceTree = "<group>"; };
		54C18615407060235716422D /* NIOCacheChampionImagesTask.h */ = {isa = PBXFileReference; fileEncoding = 4; lastKnownFileType = sourcecode.c.h; path = NIOCacheChampionImagesTask.h; sourceTree = "<group>"; };
		54C18618DF1D60BEEC0AE5CE /* ViewController.m */ = {isa = PBXFileReference; fileEncoding = 4; lastKnownFileType = sourcecode.c.objc; path = ViewController.m; sourceTree = "<group>"; };
		54C186347F47A8BCCCBDEB01 /* NIOBaseSQLQueryTask.m */ = {isa = PBXFileReference; fileEncoding = 4; lastKnownFileType = sourcecode.c.objc; path = NIOBaseSQLQueryTask.m; sourceTree = "<group>"; };
		54C1864C38908E325FE97C42 /* NIOBaseSQLTask.m */ = {isa = PBXFileReference; fileEncoding = 4; lastKnownFileType = sourcecode.c.objc; path = NIOBaseSQLTask.m; sourceTree = "<group>"; };
		54C186E76A31C91325193E09 /* LoLApiConstants.h */ = {isa = PBXFileReference; fileEncoding = 4; lastKnownFileType = sourcecode.c.h; path = LoLApiConstants.h; sourceTree = "<group>"; };
		54C186FF387D9380964D8149 /* NIOTyphoonTaskFactory.m */ = {isa = PBXFileReference; fileEncoding = 4; lastKnownFileType = sourcecode.c.objc; path = NIOTyphoonTaskFactory.m; sourceTree = "<group>"; };
		54C1870B55F1485A568B97F4 /* NIOQueryChampionsTask.h */ = {isa = PBXFileReference; fileEncoding = 4; lastKnownFileType = sourcecode.c.h; path = NIOQueryChampionsTask.h; sourceTree = "<group>"; };
		54C18733CF17CC948606FE53 /* DataDragonConfiguration.plist */ = {isa = PBXFileReference; fileEncoding = 4; lastKnownFileType = text.plist; path = DataDragonConfiguration.plist; sourceTree = "<group>"; };
		54C1874772ED6901907C321F /* NIOGetChampionStaticDataTask.h */ = {isa = PBXFileReference; fileEncoding = 4; lastKnownFileType = sourcecode.c.h; path = NIOGetChampionStaticDataTask.h; sourceTree = "<group>"; };
		54C187BE7174FE78896E9F5C /* NIOClearLocalDataDragonDataTask.h */ = {isa = PBXFileReference; fileEncoding = 4; lastKnownFileType = sourcecode.c.h; path = NIOClearLocalDataDragonDataTask.h; sourceTree = "<group>"; };
		54C187D5CE4877E5FAEEA7FD /* NIOInsertRealmTask.m */ = {isa = PBXFileReference; fileEncoding = 4; lastKnownFileType = sourcecode.c.objc; path = NIOInsertRealmTask.m; sourceTree = "<group>"; };
		54C187EF8EE04413B297F3B9 /* NIOGetChampionStaticDataTask.m */ = {isa = PBXFileReference; fileEncoding = 4; lastKnownFileType = sourcecode.c.objc; path = NIOGetChampionStaticDataTask.m; sourceTree = "<group>"; };
		54C187F2770FC3C94523134E /* Base */ = {isa = PBXFileReference; lastKnownFileType = file.xib; name = Base; path = LoLBookOfChampions/Base.lproj/LaunchScreen.xib; sourceTree = SOURCE_ROOT; };
		54C188A752F592DAB245357F /* NIOBaseContentProvider.h */ = {isa = PBXFileReference; fileEncoding = 4; lastKnownFileType = sourcecode.c.h; path = NIOBaseContentProvider.h; sourceTree = "<group>"; };
		54C188BDFAD6310ECF273EF2 /* NIODataDragonSyncService.h */ = {isa = PBXFileReference; fileEncoding = 4; lastKnownFileType = sourcecode.c.h; path = NIODataDragonSyncService.h; sourceTree = "<group>"; };
		54C18909EC43EB81309CB431 /* NIOCacheChampionImagesTask.m */ = {isa = PBXFileReference; fileEncoding = 4; lastKnownFileType = sourcecode.c.objc; path = NIOCacheChampionImagesTask.m; sourceTree = "<group>"; };
		54C18932F5AF46DE61EDACA3 /* NIOUriMatcher.m */ = {isa = PBXFileReference; fileEncoding = 4; lastKnownFileType = sourcecode.c.objc; path = NIOUriMatcher.m; sourceTree = "<group>"; };
		54C18941726EDF135EFA47E9 /* LoLBookOfChampions.pch */ = {isa = PBXFileReference; fileEncoding = 4; lastKnownFileType = sourcecode.c.h; path = LoLBookOfChampions.pch; sourceTree = "<group>"; };
		54C1896C61A1170A71753A81 /* NIOCursor.h */ = {isa = PBXFileReference; fileEncoding = 4; lastKnownFileType = sourcecode.c.h; path = NIOCursor.h; sourceTree = "<group>"; };
		54C189C982857F358A5B7596 /* NIOLoLApiRequestOperationManager.m */ = {isa = PBXFileReference; fileEncoding = 4; lastKnownFileType = sourcecode.c.objc; path = NIOLoLApiRequestOperationManager.m; sourceTree = "<group>"; };
		54C18A35CCB2C62773747B8D /* NIOInsertDataDragonChampionDataTask.m */ = {isa = PBXFileReference; fileEncoding = 4; lastKnownFileType = sourcecode.c.objc; path = NIOInsertDataDragonChampionDataTask.m; sourceTree = "<group>"; };
		54C18A84A6E54F99C9A6F004 /* NIOInsertRealmTask.h */ = {isa = PBXFileReference; fileEncoding = 4; lastKnownFileType = sourcecode.c.h; path = NIOInsertRealmTask.h; sourceTree = "<group>"; };
		54C18ABADB9957C6EA3F9CFC /* NIOUriMatcher.h */ = {isa = PBXFileReference; fileEncoding = 4; lastKnownFileType = sourcecode.c.h; path = NIOUriMatcher.h; sourceTree = "<group>"; };
		54C18ACABB30093827CB347C /* NIOGetRealmTask.h */ = {isa = PBXFileReference; fileEncoding = 4; lastKnownFileType = sourcecode.c.h; path = NIOGetRealmTask.h; sourceTree = "<group>"; };
		54C18ACEDA81BDE845F46444 /* ViewController.h */ = {isa = PBXFileReference; fileEncoding = 4; lastKnownFileType = sourcecode.c.h; path = ViewController.h; sourceTree = "<group>"; };
		54C18AEB1FE1F73C0D993612 /* NIOSqliteOpenHelper.m */ = {isa = PBXFileReference; fileEncoding = 4; lastKnownFileType = sourcecode.c.objc; path = NIOSqliteOpenHelper.m; sourceTree = "<group>"; };
		54C18B6FE0C8B5FAB3DA2F60 /* NIODataDragonComponents.h */ = {isa = PBXFileReference; fileEncoding = 4; lastKnownFileType = sourcecode.c.h; path = NIODataDragonComponents.h; sourceTree = "<group>"; };
		54C18B7B2A7044C00728691B /* NIOInsertChampionSkinTask.h */ = {isa = PBXFileReference; fileEncoding = 4; lastKnownFileType = sourcecode.c.h; path = NIOInsertChampionSkinTask.h; sourceTree = "<group>"; };
		54C18B7FB2AF491E95FA18FB /* Base */ = {isa = PBXFileReference; lastKnownFileType = file.storyboard; name = Base; path = LoLBookOfChampions/Base.lproj/Main.storyboard; sourceTree = SOURCE_ROOT; };
		54C18B9F5EA016A6113F0DCA /* NIODataDragonSyncService.m */ = {isa = PBXFileReference; fileEncoding = 4; lastKnownFileType = sourcecode.c.objc; path = NIODataDragonSyncService.m; sourceTree = "<group>"; };
		54C18BD7A84774B357340584 /* NIOInsertChampionSkinTask.m */ = {isa = PBXFileReference; fileEncoding = 4; lastKnownFileType = sourcecode.c.objc; path = NIOInsertChampionSkinTask.m; sourceTree = "<group>"; };
		54C18BF8B3CCC30EA1C7806B /* NIOLoLApiRequestOperationManager.h */ = {isa = PBXFileReference; fileEncoding = 4; lastKnownFileType = sourcecode.c.h; path = NIOLoLApiRequestOperationManager.h; sourceTree = "<group>"; };
		54C18C1FF54F7107BCE57883 /* NIOInsertDataDragonChampionDataTask.h */ = {isa = PBXFileReference; fileEncoding = 4; lastKnownFileType = sourcecode.c.h; path = NIOInsertDataDragonChampionDataTask.h; sourceTree = "<group>"; };
		54C18CC2793AB6AC9A4DE464 /* NIODataDragonCDNRequestOperationManager.h */ = {isa = PBXFileReference; fileEncoding = 4; lastKnownFileType = sourcecode.c.h; path = NIODataDragonCDNRequestOperationManager.h; sourceTree = "<group>"; };
		54C18CF338758A0EDC8AD223 /* NIOQueryRealmsTask.m */ = {isa = PBXFileReference; fileEncoding = 4; lastKnownFileType = sourcecode.c.objc; path = NIOQueryRealmsTask.m; sourceTree = "<group>"; };
		54C18D46A78A5224A73B080C /* NIOTyphoonTaskFactory.h */ = {isa = PBXFileReference; fileEncoding = 4; lastKnownFileType = sourcecode.c.h; path = NIOTyphoonTaskFactory.h; sourceTree = "<group>"; };
		54C18D84E58F4675EF5D5384 /* NIODeleteChampionSkinTask.m */ = {isa = PBXFileReference; fileEncoding = 4; lastKnownFileType = sourcecode.c.objc; path = NIODeleteChampionSkinTask.m; sourceTree = "<group>"; };
		54C18E8180EECF315DDBFBB0 /* NIOInsertChampionTask.m */ = {isa = PBXFileReference; fileEncoding = 4; lastKnownFileType = sourcecode.c.objc; path = NIOInsertChampionTask.m; sourceTree = "<group>"; };
		54C18E8A49E0AAF5850F32BA /* NIOGetRealmTask.m */ = {isa = PBXFileReference; fileEncoding = 4; lastKnownFileType = sourcecode.c.objc; path = NIOGetRealmTask.m; sourceTree = "<group>"; };
		54C18EA8BD41E455CC7BEACF /* NIOBaseContentProvider.m */ = {isa = PBXFileReference; fileEncoding = 4; lastKnownFileType = sourcecode.c.objc; path = NIOBaseContentProvider.m; sourceTree = "<group>"; };
		54C18EE52EA0E544E3AD93DB /* NIOTaskFactory.h */ = {isa = PBXFileReference; fileEncoding = 4; lastKnownFileType = sourcecode.c.h; path = NIOTaskFactory.h; sourceTree = "<group>"; };
		54C18F43F63359619FCE84F6 /* NIOBaseComponentFactory.h */ = {isa = PBXFileReference; fileEncoding = 4; lastKnownFileType = sourcecode.c.h; path = NIOBaseComponentFactory.h; sourceTree = "<group>"; };
		54C18F6A6D4200670E85069B /* NIOBaseComponentFactory.m */ = {isa = PBXFileReference; fileEncoding = 4; lastKnownFileType = sourcecode.c.objc; path = NIOBaseComponentFactory.m; sourceTree = "<group>"; };
		54C18F87BE2CF049F655A701 /* NIOQueryRealmsTask.h */ = {isa = PBXFileReference; fileEncoding = 4; lastKnownFileType = sourcecode.c.h; path = NIOQueryRealmsTask.h; sourceTree = "<group>"; };
		54C18F8983C5A3DFB75CCC89 /* NIOContentProviderFactory.h */ = {isa = PBXFileReference; fileEncoding = 4; lastKnownFileType = sourcecode.c.h; path = NIOContentProviderFactory.h; sourceTree = "<group>"; };
		54C18FBCC5876D90DE4A00ED /* NIOApplicationAssembly.m */ = {isa = PBXFileReference; fileEncoding = 4; lastKnownFileType = sourcecode.c.objc; path = NIOApplicationAssembly.m; sourceTree = "<group>"; };
		54C18FF7F424D47242276475 /* NIOContentProvider.h */ = {isa = PBXFileReference; fileEncoding = 4; lastKnownFileType = sourcecode.c.h; path = NIOContentProvider.h; sourceTree = "<group>"; };
		681805B2EA598DD9E960A06A /* Pods.release.xcconfig */ = {isa = PBXFileReference; includeInIndex = 1; lastKnownFileType = text.xcconfig; name = Pods.release.xcconfig; path = "Pods/Target Support Files/Pods/Pods.release.xcconfig"; sourceTree = "<group>"; };
		87BCF1F3F307D5BB4A469EF1 /* Pods.debug.xcconfig */ = {isa = PBXFileReference; includeInIndex = 1; lastKnownFileType = text.xcconfig; name = Pods.debug.xcconfig; path = "Pods/Target Support Files/Pods/Pods.debug.xcconfig"; sourceTree = "<group>"; };
		A534987A1A6DE4AF00F01962 /* LoLBookOfChampions.app */ = {isa = PBXFileReference; explicitFileType = wrapper.application; includeInIndex = 0; path = LoLBookOfChampions.app; sourceTree = BUILT_PRODUCTS_DIR; };
		A534987E1A6DE4AF00F01962 /* Info.plist */ = {isa = PBXFileReference; lastKnownFileType = text.plist.xml; path = Info.plist; sourceTree = "<group>"; };
		A534987F1A6DE4AF00F01962 /* main.m */ = {isa = PBXFileReference; lastKnownFileType = sourcecode.c.objc; path = main.m; sourceTree = "<group>"; };
		A53498811A6DE4AF00F01962 /* AppDelegate.h */ = {isa = PBXFileReference; lastKnownFileType = sourcecode.c.h; path = AppDelegate.h; sourceTree = "<group>"; };
		A53498821A6DE4AF00F01962 /* AppDelegate.m */ = {isa = PBXFileReference; lastKnownFileType = sourcecode.c.objc; path = AppDelegate.m; sourceTree = "<group>"; };
		A534988A1A6DE4AF00F01962 /* Images.xcassets */ = {isa = PBXFileReference; lastKnownFileType = folder.assetcatalog; path = Images.xcassets; sourceTree = "<group>"; };
		A53498931A6DE4AF00F01962 /* LoLBookOfChampionsTests.xctest */ = {isa = PBXFileReference; explicitFileType = wrapper.cfbundle; includeInIndex = 0; path = LoLBookOfChampionsTests.xctest; sourceTree = BUILT_PRODUCTS_DIR; };
		A53498981A6DE4AF00F01962 /* Info.plist */ = {isa = PBXFileReference; lastKnownFileType = text.plist.xml; path = Info.plist; sourceTree = "<group>"; };
		A53498991A6DE4AF00F01962 /* LoLBookOfChampionsTests.m */ = {isa = PBXFileReference; lastKnownFileType = sourcecode.c.objc; path = LoLBookOfChampionsTests.m; sourceTree = "<group>"; };
		F24FD5157C360E0B3F7D2DBF /* libPods.a */ = {isa = PBXFileReference; explicitFileType = archive.ar; includeInIndex = 0; path = libPods.a; sourceTree = BUILT_PRODUCTS_DIR; };
/* End PBXFileReference section */

/* Begin PBXFrameworksBuildPhase section */
		A53498771A6DE4AF00F01962 /* Frameworks */ = {
			isa = PBXFrameworksBuildPhase;
			buildActionMask = 2147483647;
			files = (
				EE954EE575A67B8A4B61FEC5 /* libPods.a in Frameworks */,
			);
			runOnlyForDeploymentPostprocessing = 0;
		};
		A53498901A6DE4AF00F01962 /* Frameworks */ = {
			isa = PBXFrameworksBuildPhase;
			buildActionMask = 2147483647;
			files = (
			);
			runOnlyForDeploymentPostprocessing = 0;
		};
/* End PBXFrameworksBuildPhase section */

/* Begin PBXGroup section */
		297BB686E12CEE910882D4E2 /* module */ = {
			isa = PBXGroup;
			children = (
				297BBE81301E5A25BAC865BB /* NIOCoreComponents.m */,
				297BBC41A302B026B3634096 /* NIOCoreComponents.h */,
				54C18F43F63359619FCE84F6 /* NIOBaseComponentFactory.h */,
				54C18F6A6D4200670E85069B /* NIOBaseComponentFactory.m */,
				54C181479D51560FAEF1C688 /* NIOTyphoonContentProviderFactory.m */,
				54C1831BF239916A2360AFDA /* NIOTyphoonContentProviderFactory.h */,
			);
			path = module;
			sourceTree = "<group>";
		};
		54C1800360B8C42687F329C2 /* content */ = {
			isa = PBXGroup;
			children = (
				54C18FF7F424D47242276475 /* NIOContentProvider.h */,
				54C18932F5AF46DE61EDACA3 /* NIOUriMatcher.m */,
				54C18ABADB9957C6EA3F9CFC /* NIOUriMatcher.h */,
				297BB67D229858375B1D2080 /* NIOContentResolver.m */,
				297BB00B66C6D1284FE3EBB3 /* NIOContentResolver.h */,
				297BB30A9A1639C0E4A6FC1A /* NIOContentObserver.h */,
				54C18EA8BD41E455CC7BEACF /* NIOBaseContentProvider.m */,
				54C188A752F592DAB245357F /* NIOBaseContentProvider.h */,
				54C18F8983C5A3DFB75CCC89 /* NIOContentProviderFactory.h */,
			);
			path = content;
			sourceTree = "<group>";
		};
		54C180A7119D66D0D1AAF446 /* core */ = {
			isa = PBXGroup;
			children = (
				54C184B7C9F43235BAAA0B5F /* task */,
				54C1800360B8C42687F329C2 /* content */,
				54C1836ADA9A247E4C9B5965 /* database */,
				297BB686E12CEE910882D4E2 /* module */,
			);
			path = core;
			sourceTree = "<group>";
		};
		54C1836ADA9A247E4C9B5965 /* database */ = {
			isa = PBXGroup;
			children = (
				54C18F6E082B1ADCAFBAAAFF /* sqlite */,
				54C1896C61A1170A71753A81 /* NIOCursor.h */,
			);
			path = database;
			sourceTree = "<group>";
		};
		54C1848D982995DA94A1E755 /* app */ = {
			isa = PBXGroup;
			children = (
				54C18D6D1934B2FD8E489AB2 /* view */,
				54C188B57C58CE6A22D3116C /* module */,
			);
			path = app;
			sourceTree = "<group>";
		};
		54C184B7C9F43235BAAA0B5F /* task */ = {
			isa = PBXGroup;
			children = (
				54C18EE52EA0E544E3AD93DB /* NIOTaskFactory.h */,
				54C185537F7ACC51F648AE88 /* NIOTask.h */,
				54C186FF387D9380964D8149 /* NIOTyphoonTaskFactory.m */,
				54C18D46A78A5224A73B080C /* NIOTyphoonTaskFactory.h */,
				54C1864C38908E325FE97C42 /* NIOBaseSQLTask.m */,
				54C185674D276E11348DF4A8 /* NIOBaseSQLTask.h */,
				54C186347F47A8BCCCBDEB01 /* NIOBaseSQLQueryTask.m */,
				54C1850BEEE23545B715CAD5 /* NIOBaseSQLQueryTask.h */,
			);
			path = task;
			sourceTree = "<group>";
		};
		54C1884344EB60BA02866924 /* remote */ = {
			isa = PBXGroup;
			children = (
				54C189C982857F358A5B7596 /* NIOLoLApiRequestOperationManager.m */,
				54C18BF8B3CCC30EA1C7806B /* NIOLoLApiRequestOperationManager.h */,
				54C1835FB21EDBC8EAD85F11 /* NIODataDragonCDNRequestOperationManager.m */,
				54C18CC2793AB6AC9A4DE464 /* NIODataDragonCDNRequestOperationManager.h */,
			);
			path = remote;
			sourceTree = "<group>";
		};
		54C188B57C58CE6A22D3116C /* module */ = {
			isa = PBXGroup;
			children = (
				54C180AFD6A5576F23FD3500 /* Configuration.plist */,
				54C18FBCC5876D90DE4A00ED /* NIOApplicationAssembly.m */,
				54C181E809DB9653B4CC5997 /* NIOApplicationAssembly.h */,
			);
			path = module;
			sourceTree = "<group>";
		};
		54C189DDAF759CA211960A99 /* service */ = {
			isa = PBXGroup;
			children = (
				54C1884344EB60BA02866924 /* remote */,
				54C186E76A31C91325193E09 /* LoLApiConstants.h */,
				54C18F565EAA78930B73C9B7 /* local */,
			);
			path = service;
			sourceTree = "<group>";
		};
		54C18AA74FA262C0176C69AC /* content */ = {
			isa = PBXGroup;
			children = (
				54C183D2723AE54B89AD2017 /* NIODataDragonContentProvider.m */,
				54C184226D3D0F2433FB98B0 /* NIODataDragonContentProvider.h */,
				54C18559632B3A6EE5844B6F /* NIODataDragonSqliteOpenHelper.m */,
				54C185A34C2C5CE846592EB7 /* NIODataDragonSqliteOpenHelper.h */,
				54C183FE48BA6ADAE6C68720 /* NIODataDragonContract.m */,
				54C1828E7250D2F99ECD3CBF /* NIODataDragonContract.h */,
			);
			path = content;
			sourceTree = "<group>";
		};
		54C18BDD1CC51D8EA3374A95 /* task */ = {
			isa = PBXGroup;
			children = (
				54C18E8A49E0AAF5850F32BA /* NIOGetRealmTask.m */,
				54C18ACABB30093827CB347C /* NIOGetRealmTask.h */,
				54C18388D1501F9E66AA5BEF /* NIOClearLocalDataDragonDataTask.m */,
				54C187BE7174FE78896E9F5C /* NIOClearLocalDataDragonDataTask.h */,
				54C18BEE0F1B87BE39F67D53 /* internal */,
				54C18148204828522103E551 /* NIOInsertDataDragonRealmTask.m */,
				54C180AF6DA3A78327F60A3B /* NIOInsertDataDragonRealmTask.h */,
				54C187EF8EE04413B297F3B9 /* NIOGetChampionStaticDataTask.m */,
				54C1874772ED6901907C321F /* NIOGetChampionStaticDataTask.h */,
				54C18A35CCB2C62773747B8D /* NIOInsertDataDragonChampionDataTask.m */,
				54C18C1FF54F7107BCE57883 /* NIOInsertDataDragonChampionDataTask.h */,
				54C18909EC43EB81309CB431 /* NIOCacheChampionImagesTask.m */,
				54C18615407060235716422D /* NIOCacheChampionImagesTask.h */,
			);
			path = task;
			sourceTree = "<group>";
		};
		54C18BEE0F1B87BE39F67D53 /* internal */ = {
			isa = PBXGroup;
			children = (
				54C18CF338758A0EDC8AD223 /* NIOQueryRealmsTask.m */,
				54C182535DD2786C52371166 /* NIODeleteRealmTask.h */,
				54C18F87BE2CF049F655A701 /* NIOQueryRealmsTask.h */,
				54C18179A47F2E7874C256B9 /* NIODeleteRealmTask.m */,
				54C187D5CE4877E5FAEEA7FD /* NIOInsertRealmTask.m */,
				54C18A84A6E54F99C9A6F004 /* NIOInsertRealmTask.h */,
				54C18323D3846D32FE8C5C69 /* NIODeleteChampionTask.m */,
				54C1846090DDAB28E394EC00 /* NIODeleteChampionTask.h */,
				54C18D84E58F4675EF5D5384 /* NIODeleteChampionSkinTask.m */,
				54C1805DC296ECFA9227E228 /* NIODeleteChampionSkinTask.h */,
				54C18E8180EECF315DDBFBB0 /* NIOInsertChampionTask.m */,
				54C1838B63EE61B049DE4C8B /* NIOInsertChampionTask.h */,
				54C18BD7A84774B357340584 /* NIOInsertChampionSkinTask.m */,
				54C18B7B2A7044C00728691B /* NIOInsertChampionSkinTask.h */,
				54C181EE9FCDF67D2AF1D8E1 /* NIOQueryChampionsTask.m */,
				54C1870B55F1485A568B97F4 /* NIOQueryChampionsTask.h */,
			);
			path = internal;
			sourceTree = "<group>";
		};
		54C18CDC482A2F1BD75A76E4 /* xib */ = {
			isa = PBXGroup;
			children = (
				54C180FF3832C859CD2FAFB5 /* LaunchScreen.xib */,
				54C183394FC80D4AD0EDF82D /* Main.storyboard */,
			);
			path = xib;
			sourceTree = "<group>";
		};
		54C18D6D1934B2FD8E489AB2 /* view */ = {
			isa = PBXGroup;
			children = (
				54C18CDC482A2F1BD75A76E4 /* xib */,
				54C18618DF1D60BEEC0AE5CE /* ViewController.m */,
				54C18ACEDA81BDE845F46444 /* ViewController.h */,
				54C18412AD6D4077FD545010 /* NIOChampionCollectionViewCell.m */,
				54C1835FAF659721C49945E6 /* NIOChampionCollectionViewCell.h */,
			);
			path = view;
			sourceTree = "<group>";
		};
		54C18E99F4A74DF10538B716 /* module */ = {
			isa = PBXGroup;
			children = (
				54C1834F049057B47D542752 /* NIODataDragonComponents.m */,
				54C18B6FE0C8B5FAB3DA2F60 /* NIODataDragonComponents.h */,
				54C18733CF17CC948606FE53 /* DataDragonConfiguration.plist */,
			);
			path = module;
			sourceTree = "<group>";
		};
		54C18E9BE5D7098845774649 /* dataDragon */ = {
			isa = PBXGroup;
			children = (
				54C18E99F4A74DF10538B716 /* module */,
				54C189DDAF759CA211960A99 /* service */,
				54C18BDD1CC51D8EA3374A95 /* task */,
				54C18AA74FA262C0176C69AC /* content */,
			);
			path = dataDragon;
			sourceTree = "<group>";
		};
		54C18F565EAA78930B73C9B7 /* local */ = {
			isa = PBXGroup;
			children = (
				54C18B9F5EA016A6113F0DCA /* NIODataDragonSyncService.m */,
				54C188BDFAD6310ECF273EF2 /* NIODataDragonSyncService.h */,
			);
			path = local;
			sourceTree = "<group>";
		};
		54C18F6E082B1ADCAFBAAAFF /* sqlite */ = {
			isa = PBXGroup;
			children = (
				54C18AEB1FE1F73C0D993612 /* NIOSqliteOpenHelper.m */,
				54C183258C1F5D36E93F993B /* NIOSqliteOpenHelper.h */,
			);
			path = sqlite;
			sourceTree = "<group>";
		};
		6001458C8500CC900829372C /* Frameworks */ = {
			isa = PBXGroup;
			children = (
				F24FD5157C360E0B3F7D2DBF /* libPods.a */,
			);
			name = Frameworks;
			sourceTree = "<group>";
		};
		A53498711A6DE4AF00F01962 = {
			isa = PBXGroup;
			children = (
				A534987C1A6DE4AF00F01962 /* LoLBookOfChampions */,
				A53498961A6DE4AF00F01962 /* LoLBookOfChampionsTests */,
				A534987B1A6DE4AF00F01962 /* Products */,
				D8BE74048396C9F62E5820EF /* Pods */,
				6001458C8500CC900829372C /* Frameworks */,
			);
			sourceTree = "<group>";
		};
		A534987B1A6DE4AF00F01962 /* Products */ = {
			isa = PBXGroup;
			children = (
				A534987A1A6DE4AF00F01962 /* LoLBookOfChampions.app */,
				A53498931A6DE4AF00F01962 /* LoLBookOfChampionsTests.xctest */,
			);
			name = Products;
			sourceTree = "<group>";
		};
		A534987C1A6DE4AF00F01962 /* LoLBookOfChampions */ = {
			isa = PBXGroup;
			children = (
				A53498811A6DE4AF00F01962 /* AppDelegate.h */,
				A53498821A6DE4AF00F01962 /* AppDelegate.m */,
				A534988A1A6DE4AF00F01962 /* Images.xcassets */,
				A534987D1A6DE4AF00F01962 /* Supporting Files */,
				54C18E9BE5D7098845774649 /* dataDragon */,
				54C1848D982995DA94A1E755 /* app */,
				54C180A7119D66D0D1AAF446 /* core */,
			);
			path = LoLBookOfChampions;
			sourceTree = "<group>";
		};
		A534987D1A6DE4AF00F01962 /* Supporting Files */ = {
			isa = PBXGroup;
			children = (
				A534987E1A6DE4AF00F01962 /* Info.plist */,
				A534987F1A6DE4AF00F01962 /* main.m */,
				54C18941726EDF135EFA47E9 /* LoLBookOfChampions.pch */,
			);
			name = "Supporting Files";
			sourceTree = "<group>";
		};
		A53498961A6DE4AF00F01962 /* LoLBookOfChampionsTests */ = {
			isa = PBXGroup;
			children = (
				A53498991A6DE4AF00F01962 /* LoLBookOfChampionsTests.m */,
				A53498971A6DE4AF00F01962 /* Supporting Files */,
			);
			path = LoLBookOfChampionsTests;
			sourceTree = "<group>";
		};
		A53498971A6DE4AF00F01962 /* Supporting Files */ = {
			isa = PBXGroup;
			children = (
				A53498981A6DE4AF00F01962 /* Info.plist */,
			);
			name = "Supporting Files";
			sourceTree = "<group>";
		};
		D8BE74048396C9F62E5820EF /* Pods */ = {
			isa = PBXGroup;
			children = (
				87BCF1F3F307D5BB4A469EF1 /* Pods.debug.xcconfig */,
				681805B2EA598DD9E960A06A /* Pods.release.xcconfig */,
			);
			name = Pods;
			sourceTree = "<group>";
		};
/* End PBXGroup section */

/* Begin PBXNativeTarget section */
		A53498791A6DE4AF00F01962 /* LoLBookOfChampions */ = {
			isa = PBXNativeTarget;
			buildConfigurationList = A534989D1A6DE4AF00F01962 /* Build configuration list for PBXNativeTarget "LoLBookOfChampions" */;
			buildPhases = (
				2A64AA4CE9880D35EA36C7E1 /* Check Pods Manifest.lock */,
				A53498761A6DE4AF00F01962 /* Sources */,
				A53498771A6DE4AF00F01962 /* Frameworks */,
				A53498781A6DE4AF00F01962 /* Resources */,
				DA12285E710D28312E3B7CA6 /* Copy Pods Resources */,
			);
			buildRules = (
			);
			dependencies = (
			);
			name = LoLBookOfChampions;
			productName = LoLBookOfChampions;
			productReference = A534987A1A6DE4AF00F01962 /* LoLBookOfChampions.app */;
			productType = "com.apple.product-type.application";
		};
		A53498921A6DE4AF00F01962 /* LoLBookOfChampionsTests */ = {
			isa = PBXNativeTarget;
			buildConfigurationList = A53498A01A6DE4AF00F01962 /* Build configuration list for PBXNativeTarget "LoLBookOfChampionsTests" */;
			buildPhases = (
				A534988F1A6DE4AF00F01962 /* Sources */,
				A53498901A6DE4AF00F01962 /* Frameworks */,
				A53498911A6DE4AF00F01962 /* Resources */,
			);
			buildRules = (
			);
			dependencies = (
				A53498951A6DE4AF00F01962 /* PBXTargetDependency */,
			);
			name = LoLBookOfChampionsTests;
			productName = LoLBookOfChampionsTests;
			productReference = A53498931A6DE4AF00F01962 /* LoLBookOfChampionsTests.xctest */;
			productType = "com.apple.product-type.bundle.unit-test";
		};
/* End PBXNativeTarget section */

/* Begin PBXProject section */
		A53498721A6DE4AF00F01962 /* Project object */ = {
			isa = PBXProject;
			attributes = {
				CLASSPREFIX = NIO;
				LastUpgradeCheck = 0610;
				ORGANIZATIONNAME = io.nimblenoggin;
				TargetAttributes = {
					A53498791A6DE4AF00F01962 = {
						CreatedOnToolsVersion = 6.1.1;
					};
					A53498921A6DE4AF00F01962 = {
						CreatedOnToolsVersion = 6.1.1;
						TestTargetID = A53498791A6DE4AF00F01962;
					};
				};
			};
			buildConfigurationList = A53498751A6DE4AF00F01962 /* Build configuration list for PBXProject "LoLBookOfChampions" */;
			compatibilityVersion = "Xcode 3.2";
			developmentRegion = English;
			hasScannedForEncodings = 0;
			knownRegions = (
				en,
				Base,
			);
			mainGroup = A53498711A6DE4AF00F01962;
			productRefGroup = A534987B1A6DE4AF00F01962 /* Products */;
			projectDirPath = "";
			projectRoot = "";
			targets = (
				A53498791A6DE4AF00F01962 /* LoLBookOfChampions */,
				A53498921A6DE4AF00F01962 /* LoLBookOfChampionsTests */,
			);
		};
/* End PBXProject section */

/* Begin PBXResourcesBuildPhase section */
		A53498781A6DE4AF00F01962 /* Resources */ = {
			isa = PBXResourcesBuildPhase;
			buildActionMask = 2147483647;
			files = (
				A534988B1A6DE4AF00F01962 /* Images.xcassets in Resources */,
				54C182456B27506FFA0F5B94 /* LaunchScreen.xib in Resources */,
				54C18B3CBCE6CB29622E18A5 /* Main.storyboard in Resources */,
				54C18FCA66E7675C919683F1 /* Configuration.plist in Resources */,
				54C181F2305B029F61116386 /* DataDragonConfiguration.plist in Resources */,
			);
			runOnlyForDeploymentPostprocessing = 0;
		};
		A53498911A6DE4AF00F01962 /* Resources */ = {
			isa = PBXResourcesBuildPhase;
			buildActionMask = 2147483647;
			files = (
				54C18664B75D1219636199E6 /* Configuration.plist in Resources */,
				54C18DB5ECBE7BC9AB14FC1E /* DataDragonConfiguration.plist in Resources */,
			);
			runOnlyForDeploymentPostprocessing = 0;
		};
/* End PBXResourcesBuildPhase section */

/* Begin PBXShellScriptBuildPhase section */
		2A64AA4CE9880D35EA36C7E1 /* Check Pods Manifest.lock */ = {
			isa = PBXShellScriptBuildPhase;
			buildActionMask = 2147483647;
			files = (
			);
			inputPaths = (
			);
			name = "Check Pods Manifest.lock";
			outputPaths = (
			);
			runOnlyForDeploymentPostprocessing = 0;
			shellPath = /bin/sh;
			shellScript = "diff \"${PODS_ROOT}/../Podfile.lock\" \"${PODS_ROOT}/Manifest.lock\" > /dev/null\nif [[ $? != 0 ]] ; then\n    cat << EOM\nerror: The sandbox is not in sync with the Podfile.lock. Run 'pod install' or update your CocoaPods installation.\nEOM\n    exit 1\nfi\n";
			showEnvVarsInLog = 0;
		};
		DA12285E710D28312E3B7CA6 /* Copy Pods Resources */ = {
			isa = PBXShellScriptBuildPhase;
			buildActionMask = 2147483647;
			files = (
			);
			inputPaths = (
			);
			name = "Copy Pods Resources";
			outputPaths = (
			);
			runOnlyForDeploymentPostprocessing = 0;
			shellPath = /bin/sh;
			shellScript = "\"${SRCROOT}/Pods/Target Support Files/Pods/Pods-resources.sh\"\n";
			showEnvVarsInLog = 0;
		};
/* End PBXShellScriptBuildPhase section */

/* Begin PBXSourcesBuildPhase section */
		A53498761A6DE4AF00F01962 /* Sources */ = {
			isa = PBXSourcesBuildPhase;
			buildActionMask = 2147483647;
			files = (
				A53498831A6DE4AF00F01962 /* AppDelegate.m in Sources */,
				A53498801A6DE4AF00F01962 /* main.m in Sources */,
				54C18AC1F2CDEC0841922D98 /* ViewController.m in Sources */,
				54C18BEE9A3A956432CD64C5 /* NIOApplicationAssembly.m in Sources */,
				54C18EBDF15B87916D6B87CD /* NIODataDragonComponents.m in Sources */,
				54C18C19883944246AF83503 /* NIOLoLApiRequestOperationManager.m in Sources */,
				54C18705C57EB4E70E95009A /* NIOGetRealmTask.m in Sources */,
				54C180D0846FCBF169140582 /* NIODataDragonSyncService.m in Sources */,
				54C1896CE8EDC7D54CBF0769 /* NIOUriMatcher.m in Sources */,
				54C18456D5F47290CA0C0FC5 /* NIODataDragonContentProvider.m in Sources */,
				54C18C9C4ACE223F8D893246 /* NIOSqliteOpenHelper.m in Sources */,
				54C18BEE6E1714C84273E655 /* NIODataDragonSqliteOpenHelper.m in Sources */,
				54C180338C638E709239D65D /* NIODataDragonContract.m in Sources */,
				297BBB546DB3A9091B01D462 /* NIOContentResolver.m in Sources */,
				297BB2B31F5A5DFC33FE7016 /* NIOCoreComponents.m in Sources */,
				54C189C44196A8D95323466B /* NIOBaseContentProvider.m in Sources */,
				54C183AC2775A322F2DEA576 /* NIOBaseComponentFactory.m in Sources */,
				54C18C860C91BFD1012B26B7 /* NIOTyphoonContentProviderFactory.m in Sources */,
				54C18556E6435E2E0C6D6CB0 /* NIOTyphoonTaskFactory.m in Sources */,
				54C18968E8452E3AA29C4843 /* NIOBaseSQLTask.m in Sources */,
				54C18B15C7D560CE5D1F7222 /* NIOBaseSQLQueryTask.m in Sources */,
				54C1876FFEE0D3AAB3C8E204 /* NIOClearLocalDataDragonDataTask.m in Sources */,
				54C18953E8A3A74913023DDE /* NIOQueryRealmsTask.m in Sources */,
				54C18CB74EA4CBE8BB03B8F8 /* NIODeleteRealmTask.m in Sources */,
				54C18F439E6B0EBDB77DD7D5 /* NIOInsertRealmTask.m in Sources */,
				54C1890395218E724A413A38 /* NIOInsertDataDragonRealmTask.m in Sources */,
				54C18253770BB56AA1D025AE /* NIOGetChampionStaticDataTask.m in Sources */,
				54C18372A9E1B6C5ADDB0C9E /* NIODeleteChampionTask.m in Sources */,
				54C18604AA60A086284A2B8A /* NIODeleteChampionSkinTask.m in Sources */,
				54C18F63F7617CF453C59E65 /* NIOInsertChampionTask.m in Sources */,
				54C184FF67C79CC4B97F6C91 /* NIOInsertChampionSkinTask.m in Sources */,
				54C18A54F48C56B16B77B418 /* NIOInsertDataDragonChampionDataTask.m in Sources */,
				54C18AFB1D79EDB8A0BE98BD /* NIODataDragonCDNRequestOperationManager.m in Sources */,
				54C183BADE60EB8750FC3319 /* NIOCacheChampionImagesTask.m in Sources */,
				54C18A4BE071440563D4E520 /* NIOChampionCollectionViewCell.m in Sources */,
				54C184B62070ED4872B20C5D /* NIOQueryChampionsTask.m in Sources */,
			);
			runOnlyForDeploymentPostprocessing = 0;
		};
		A534988F1A6DE4AF00F01962 /* Sources */ = {
			isa = PBXSourcesBuildPhase;
			buildActionMask = 2147483647;
			files = (
				A534989A1A6DE4AF00F01962 /* LoLBookOfChampionsTests.m in Sources */,
				54C18C0572036D346EE0961B /* NIOApplicationAssembly.m in Sources */,
				54C18EE62665104A30C17AB4 /* NIODataDragonComponents.m in Sources */,
				54C18E26A7E0E20210E11583 /* NIOLoLApiRequestOperationManager.m in Sources */,
				54C18155957E839D52DC58FF /* NIOGetRealmTask.m in Sources */,
				54C189B4E76B8514163A6E99 /* NIODataDragonSyncService.m in Sources */,
				54C18CD145927A0D0AFCDF38 /* NIOUriMatcher.m in Sources */,
				54C18A43444E25E82C12159E /* NIODataDragonContentProvider.m in Sources */,
				54C182F0A0EB620BB1E9AAA9 /* NIOSqliteOpenHelper.m in Sources */,
				54C1850066BCE8F4040ECBBF /* NIODataDragonSqliteOpenHelper.m in Sources */,
				54C1827F96DBC3B72D077EB9 /* NIODataDragonContract.m in Sources */,
				297BBD699F1ACE06A7A0B83D /* NIOContentResolver.m in Sources */,
				297BBA6453228C606547CA78 /* NIOCoreComponents.m in Sources */,
				54C18A34A20F783BA46A7988 /* NIOBaseContentProvider.m in Sources */,
				54C180875038C252FF99E583 /* NIOTyphoonContentProviderFactory.m in Sources */,
				54C1832EEE785431D1D0B302 /* NIOTyphoonTaskFactory.m in Sources */,
				54C18F3DD366EC52690F9903 /* NIOBaseSQLTask.m in Sources */,
				54C18C1A7ECE369657E4A421 /* NIOBaseSQLQueryTask.m in Sources */,
				54C18E7601F047C7C81031C5 /* NIOClearLocalDataDragonDataTask.m in Sources */,
				54C18547A1AB46D6361846E2 /* NIOQueryRealmsTask.m in Sources */,
				54C182FB8272A39309D6D799 /* NIODeleteRealmTask.m in Sources */,
				54C18361789CAB3A15B7042E /* NIOInsertRealmTask.m in Sources */,
				54C18392FA5022D3FD8B2425 /* NIOInsertDataDragonRealmTask.m in Sources */,
				54C18E3F7822B72223626D1C /* NIOGetChampionStaticDataTask.m in Sources */,
				54C18F84D8CD82CFCF02AA91 /* NIODeleteChampionTask.m in Sources */,
				54C18BE11A108443C7911B28 /* NIODeleteChampionSkinTask.m in Sources */,
				54C18CDD3D6C0E9E4AA3345D /* NIOInsertChampionTask.m in Sources */,
				54C18A369CD93D7B4DAB22C7 /* NIOInsertChampionSkinTask.m in Sources */,
				54C1821F78880725F9EAEE08 /* NIOInsertDataDragonChampionDataTask.m in Sources */,
				54C18422E97E3B6F8A9D4AFF /* NIODataDragonCDNRequestOperationManager.m in Sources */,
				54C18768575205469D2BBAB8 /* NIOCacheChampionImagesTask.m in Sources */,
				54C183317D1E3E4A70074C46 /* NIOChampionCollectionViewCell.m in Sources */,
				54C188552146C904E0246438 /* NIOQueryChampionsTask.m in Sources */,
			);
			runOnlyForDeploymentPostprocessing = 0;
		};
/* End PBXSourcesBuildPhase section */

/* Begin PBXTargetDependency section */
		A53498951A6DE4AF00F01962 /* PBXTargetDependency */ = {
			isa = PBXTargetDependency;
			target = A53498791A6DE4AF00F01962 /* LoLBookOfChampions */;
			targetProxy = A53498941A6DE4AF00F01962 /* PBXContainerItemProxy */;
		};
/* End PBXTargetDependency section */

/* Begin PBXVariantGroup section */
		54C180FF3832C859CD2FAFB5 /* LaunchScreen.xib */ = {
			isa = PBXVariantGroup;
			children = (
				54C187F2770FC3C94523134E /* Base */,
			);
			name = LaunchScreen.xib;
			sourceTree = "<group>";
		};
		54C183394FC80D4AD0EDF82D /* Main.storyboard */ = {
			isa = PBXVariantGroup;
			children = (
				54C18B7FB2AF491E95FA18FB /* Base */,
			);
			name = Main.storyboard;
			sourceTree = "<group>";
		};
/* End PBXVariantGroup section */

/* Begin XCBuildConfiguration section */
		A534989B1A6DE4AF00F01962 /* Debug */ = {
			isa = XCBuildConfiguration;
			buildSettings = {
				ALWAYS_SEARCH_USER_PATHS = NO;
				CLANG_CXX_LANGUAGE_STANDARD = "gnu++0x";
				CLANG_CXX_LIBRARY = "libc++";
				CLANG_ENABLE_MODULES = YES;
				CLANG_ENABLE_OBJC_ARC = YES;
				CLANG_WARN_BOOL_CONVERSION = YES;
				CLANG_WARN_CONSTANT_CONVERSION = YES;
				CLANG_WARN_DIRECT_OBJC_ISA_USAGE = YES_ERROR;
				CLANG_WARN_EMPTY_BODY = YES;
				CLANG_WARN_ENUM_CONVERSION = YES;
				CLANG_WARN_INT_CONVERSION = YES;
				CLANG_WARN_OBJC_ROOT_CLASS = YES_ERROR;
				CLANG_WARN_UNREACHABLE_CODE = YES;
				CLANG_WARN__DUPLICATE_METHOD_MATCH = YES;
				"CODE_SIGN_IDENTITY[sdk=iphoneos*]" = "iPhone Developer";
				COPY_PHASE_STRIP = NO;
				ENABLE_STRICT_OBJC_MSGSEND = YES;
				GCC_C_LANGUAGE_STANDARD = gnu99;
				GCC_DYNAMIC_NO_PIC = NO;
				GCC_OPTIMIZATION_LEVEL = 0;
				GCC_PRECOMPILE_PREFIX_HEADER = NO;
				GCC_PREFIX_HEADER = "";
				GCC_PREPROCESSOR_DEFINITIONS = (
					"DEBUG=1",
					"$(inherited)",
				);
				GCC_SYMBOLS_PRIVATE_EXTERN = NO;
				GCC_WARN_64_TO_32_BIT_CONVERSION = YES;
				GCC_WARN_ABOUT_RETURN_TYPE = YES_ERROR;
				GCC_WARN_UNDECLARED_SELECTOR = YES;
				GCC_WARN_UNINITIALIZED_AUTOS = YES_AGGRESSIVE;
				GCC_WARN_UNUSED_FUNCTION = YES;
				GCC_WARN_UNUSED_VARIABLE = YES;
				IPHONEOS_DEPLOYMENT_TARGET = 8.1;
				MTL_ENABLE_DEBUG_INFO = YES;
				ONLY_ACTIVE_ARCH = YES;
				SDKROOT = iphoneos;
				TARGETED_DEVICE_FAMILY = "1,2";
			};
			name = Debug;
		};
		A534989C1A6DE4AF00F01962 /* Release */ = {
			isa = XCBuildConfiguration;
			buildSettings = {
				ALWAYS_SEARCH_USER_PATHS = NO;
				CLANG_CXX_LANGUAGE_STANDARD = "gnu++0x";
				CLANG_CXX_LIBRARY = "libc++";
				CLANG_ENABLE_MODULES = YES;
				CLANG_ENABLE_OBJC_ARC = YES;
				CLANG_WARN_BOOL_CONVERSION = YES;
				CLANG_WARN_CONSTANT_CONVERSION = YES;
				CLANG_WARN_DIRECT_OBJC_ISA_USAGE = YES_ERROR;
				CLANG_WARN_EMPTY_BODY = YES;
				CLANG_WARN_ENUM_CONVERSION = YES;
				CLANG_WARN_INT_CONVERSION = YES;
				CLANG_WARN_OBJC_ROOT_CLASS = YES_ERROR;
				CLANG_WARN_UNREACHABLE_CODE = YES;
				CLANG_WARN__DUPLICATE_METHOD_MATCH = YES;
				"CODE_SIGN_IDENTITY[sdk=iphoneos*]" = "iPhone Developer";
				COPY_PHASE_STRIP = YES;
				ENABLE_NS_ASSERTIONS = NO;
				ENABLE_STRICT_OBJC_MSGSEND = YES;
				GCC_C_LANGUAGE_STANDARD = gnu99;
				GCC_PRECOMPILE_PREFIX_HEADER = NO;
				GCC_PREFIX_HEADER = "";
				GCC_WARN_64_TO_32_BIT_CONVERSION = YES;
				GCC_WARN_ABOUT_RETURN_TYPE = YES_ERROR;
				GCC_WARN_UNDECLARED_SELECTOR = YES;
				GCC_WARN_UNINITIALIZED_AUTOS = YES_AGGRESSIVE;
				GCC_WARN_UNUSED_FUNCTION = YES;
				GCC_WARN_UNUSED_VARIABLE = YES;
				IPHONEOS_DEPLOYMENT_TARGET = 8.1;
				MTL_ENABLE_DEBUG_INFO = NO;
				SDKROOT = iphoneos;
				TARGETED_DEVICE_FAMILY = "1,2";
				VALIDATE_PRODUCT = YES;
			};
			name = Release;
		};
		A534989E1A6DE4AF00F01962 /* Debug */ = {
			isa = XCBuildConfiguration;
			baseConfigurationReference = 87BCF1F3F307D5BB4A469EF1 /* Pods.debug.xcconfig */;
			buildSettings = {
				ASSETCATALOG_COMPILER_APPICON_NAME = AppIcon;
				CODE_SIGN_IDENTITY = "iPhone Developer";
				GCC_PRECOMPILE_PREFIX_HEADER = YES;
				GCC_PREFIX_HEADER = LoLBookOfChampions/LoLBookOfChampions.pch;
				GCC_PREPROCESSOR_DEFINITIONS = "$(inherited)";
				HEADER_SEARCH_PATHS = "${inherited}";
				INFOPLIST_FILE = LoLBookOfChampions/Info.plist;
				LD_RUNPATH_SEARCH_PATHS = "$(inherited) @executable_path/Frameworks";
				OTHER_CFLAGS = "$(inherited)";
				OTHER_LDFLAGS = "${inherited}";
				OTHER_LIBTOOLFLAGS = "${inherited}";
				PRODUCT_NAME = "$(TARGET_NAME)";
			};
			name = Debug;
		};
		A534989F1A6DE4AF00F01962 /* Release */ = {
			isa = XCBuildConfiguration;
			baseConfigurationReference = 681805B2EA598DD9E960A06A /* Pods.release.xcconfig */;
			buildSettings = {
				ASSETCATALOG_COMPILER_APPICON_NAME = AppIcon;
				CODE_SIGN_IDENTITY = "iPhone Developer";
				GCC_PRECOMPILE_PREFIX_HEADER = YES;
				GCC_PREFIX_HEADER = LoLBookOfChampions/LoLBookOfChampions.pch;
				GCC_PREPROCESSOR_DEFINITIONS = "$(inherited)";
				HEADER_SEARCH_PATHS = "${inherited}";
				INFOPLIST_FILE = LoLBookOfChampions/Info.plist;
				LD_RUNPATH_SEARCH_PATHS = "$(inherited) @executable_path/Frameworks";
				OTHER_CFLAGS = "$(inherited)";
				OTHER_LDFLAGS = "${inherited}";
				OTHER_LIBTOOLFLAGS = "${inherited}";
				PRODUCT_NAME = "$(TARGET_NAME)";
			};
			name = Release;
		};
		A53498A11A6DE4AF00F01962 /* Debug */ = {
			isa = XCBuildConfiguration;
			baseConfigurationReference = 87BCF1F3F307D5BB4A469EF1 /* Pods.debug.xcconfig */;
			buildSettings = {
				BUNDLE_LOADER = "$(TEST_HOST)";
				FRAMEWORK_SEARCH_PATHS = (
					"$(SDKROOT)/Developer/Library/Frameworks",
					"$(inherited)",
				);
				GCC_PRECOMPILE_PREFIX_HEADER = YES;
				GCC_PREFIX_HEADER = LoLBookOfChampions/LoLBookOfChampions.pch;
				GCC_PREPROCESSOR_DEFINITIONS = (
					"DEBUG=1",
					"$(inherited)",
				);
				INFOPLIST_FILE = LoLBookOfChampionsTests/Info.plist;
				LD_RUNPATH_SEARCH_PATHS = "$(inherited) @executable_path/Frameworks @loader_path/Frameworks";
				PRODUCT_NAME = "$(TARGET_NAME)";
				TEST_HOST = "$(BUILT_PRODUCTS_DIR)/LoLBookOfChampions.app/LoLBookOfChampions";
			};
			name = Debug;
		};
		A53498A21A6DE4AF00F01962 /* Release */ = {
			isa = XCBuildConfiguration;
			baseConfigurationReference = 681805B2EA598DD9E960A06A /* Pods.release.xcconfig */;
			buildSettings = {
				BUNDLE_LOADER = "$(TEST_HOST)";
				FRAMEWORK_SEARCH_PATHS = (
					"$(SDKROOT)/Developer/Library/Frameworks",
					"$(inherited)",
				);
				GCC_PRECOMPILE_PREFIX_HEADER = YES;
				GCC_PREFIX_HEADER = LoLBookOfChampions/LoLBookOfChampions.pch;
				INFOPLIST_FILE = LoLBookOfChampionsTests/Info.plist;
				LD_RUNPATH_SEARCH_PATHS = "$(inherited) @executable_path/Frameworks @loader_path/Frameworks";
				PRODUCT_NAME = "$(TARGET_NAME)";
				TEST_HOST = "$(BUILT_PRODUCTS_DIR)/LoLBookOfChampions.app/LoLBookOfChampions";
			};
			name = Release;
		};
/* End XCBuildConfiguration section */

/* Begin XCConfigurationList section */
		A53498751A6DE4AF00F01962 /* Build configuration list for PBXProject "LoLBookOfChampions" */ = {
			isa = XCConfigurationList;
			buildConfigurations = (
				A534989B1A6DE4AF00F01962 /* Debug */,
				A534989C1A6DE4AF00F01962 /* Release */,
			);
			defaultConfigurationIsVisible = 0;
			defaultConfigurationName = Release;
		};
		A534989D1A6DE4AF00F01962 /* Build configuration list for PBXNativeTarget "LoLBookOfChampions" */ = {
			isa = XCConfigurationList;
			buildConfigurations = (
				A534989E1A6DE4AF00F01962 /* Debug */,
				A534989F1A6DE4AF00F01962 /* Release */,
			);
			defaultConfigurationIsVisible = 0;
			defaultConfigurationName = Release;
		};
		A53498A01A6DE4AF00F01962 /* Build configuration list for PBXNativeTarget "LoLBookOfChampionsTests" */ = {
			isa = XCConfigurationList;
			buildConfigurations = (
				A53498A11A6DE4AF00F01962 /* Debug */,
				A53498A21A6DE4AF00F01962 /* Release */,
			);
			defaultConfigurationIsVisible = 0;
			defaultConfigurationName = Release;
		};
/* End XCConfigurationList section */
	};
	rootObject = A53498721A6DE4AF00F01962 /* Project object */;
}
